
Microsoft Visual Studio Solution File, Format Version 12.00
# Visual Studio Version 17
VisualStudioVersion = 17.9.34902.65
MinimumVisualStudioVersion = 10.0.40219.1
Project("{FAE04EC0-301F-11D3-BF4B-00C04F79EFBC}") = "LitDev", "LitDev\LitDev.csproj", "{CDFCE8E5-0080-4301-ABF5-C076DDEDE500}"
EndProject
Project("{FAE04EC0-301F-11D3-BF4B-00C04F79EFBC}") = "TestHarness", "TestHarness\TestHarness.csproj", "{AF35FA5D-690D-497E-81BB-3EE2D154E0FB}"
	ProjectSection(ProjectDependencies) = postProject
		{CDFCE8E5-0080-4301-ABF5-C076DDEDE500} = {CDFCE8E5-0080-4301-ABF5-C076DDEDE500}
	EndProjectSection
EndProject
Project("{FAE04EC0-301F-11D3-BF4B-00C04F79EFBC}") = "LitDevUnitTests", "LitDevUnitTests\LitDevUnitTests.csproj", "{B32D6E39-BDB4-4DEE-836A-0532C25AAD69}"
EndProject
Project("{FAE04EC0-301F-11D3-BF4B-00C04F79EFBC}") = "LDBasic", "LDBasic\LDBasic.csproj", "{4561488A-71CF-45E5-8E18-A6983FB10F02}"
EndProject
Global
	GlobalSection(SolutionConfigurationPlatforms) = preSolution
		Debug|Any CPU = Debug|Any CPU
		Debug|Mixed Platforms = Debug|Mixed Platforms
		Debug|x64 = Debug|x64
		Debug|x86 = Debug|x86
		Release|Any CPU = Release|Any CPU
		Release|Mixed Platforms = Release|Mixed Platforms
		Release|x64 = Release|x64
		Release|x86 = Release|x86
	EndGlobalSection
	GlobalSection(ProjectConfigurationPlatforms) = postSolution
		{CDFCE8E5-0080-4301-ABF5-C076DDEDE500}.Debug|Any CPU.ActiveCfg = Release|Any CPU
		{CDFCE8E5-0080-4301-ABF5-C076DDEDE500}.Debug|Any CPU.Build.0 = Release|Any CPU
		{CDFCE8E5-0080-4301-ABF5-C076DDEDE500}.Debug|Mixed Platforms.ActiveCfg = Debug|Any CPU
		{CDFCE8E5-0080-4301-ABF5-C076DDEDE500}.Debug|Mixed Platforms.Build.0 = Debug|Any CPU
		{CDFCE8E5-0080-4301-ABF5-C076DDEDE500}.Debug|x64.ActiveCfg = Debug|Any CPU
		{CDFCE8E5-0080-4301-ABF5-C076DDEDE500}.Debug|x64.Build.0 = Debug|Any CPU
		{CDFCE8E5-0080-4301-ABF5-C076DDEDE500}.Debug|x86.ActiveCfg = Debug|Any CPU
		{CDFCE8E5-0080-4301-ABF5-C076DDEDE500}.Debug|x86.Build.0 = Debug|Any CPU
		{CDFCE8E5-0080-4301-ABF5-C076DDEDE500}.Release|Any CPU.ActiveCfg = Release|Any CPU
		{CDFCE8E5-0080-4301-ABF5-C076DDEDE500}.Release|Any CPU.Build.0 = Release|Any CPU
		{CDFCE8E5-0080-4301-ABF5-C076DDEDE500}.Release|Mixed Platforms.ActiveCfg = Release|Any CPU
		{CDFCE8E5-0080-4301-ABF5-C076DDEDE500}.Release|Mixed Platforms.Build.0 = Release|Any CPU
		{CDFCE8E5-0080-4301-ABF5-C076DDEDE500}.Release|x64.ActiveCfg = Release|Any CPU
		{CDFCE8E5-0080-4301-ABF5-C076DDEDE500}.Release|x64.Build.0 = Release|Any CPU
		{CDFCE8E5-0080-4301-ABF5-C076DDEDE500}.Release|x86.ActiveCfg = Release|Any CPU
		{CDFCE8E5-0080-4301-ABF5-C076DDEDE500}.Release|x86.Build.0 = Release|Any CPU
		{AF35FA5D-690D-497E-81BB-3EE2D154E0FB}.Debug|Any CPU.ActiveCfg = Release|x86
		{AF35FA5D-690D-497E-81BB-3EE2D154E0FB}.Debug|Any CPU.Build.0 = Release|x86
		{AF35FA5D-690D-497E-81BB-3EE2D154E0FB}.Debug|Mixed Platforms.ActiveCfg = Debug|x86
		{AF35FA5D-690D-497E-81BB-3EE2D154E0FB}.Debug|Mixed Platforms.Build.0 = Debug|x86
		{AF35FA5D-690D-497E-81BB-3EE2D154E0FB}.Debug|x64.ActiveCfg = Debug|x64
		{AF35FA5D-690D-497E-81BB-3EE2D154E0FB}.Debug|x64.Build.0 = Debug|x64
		{AF35FA5D-690D-497E-81BB-3EE2D154E0FB}.Debug|x86.ActiveCfg = Debug|x86
		{AF35FA5D-690D-497E-81BB-3EE2D154E0FB}.Debug|x86.Build.0 = Debug|x86
		{AF35FA5D-690D-497E-81BB-3EE2D154E0FB}.Release|Any CPU.ActiveCfg = Release|x86
		{AF35FA5D-690D-497E-81BB-3EE2D154E0FB}.Release|Any CPU.Build.0 = Release|x86
		{AF35FA5D-690D-497E-81BB-3EE2D154E0FB}.Release|Mixed Platforms.ActiveCfg = Release|x86
		{AF35FA5D-690D-497E-81BB-3EE2D154E0FB}.Release|Mixed Platforms.Build.0 = Release|x86
		{AF35FA5D-690D-497E-81BB-3EE2D154E0FB}.Release|x64.ActiveCfg = Release|x64
		{AF35FA5D-690D-497E-81BB-3EE2D154E0FB}.Release|x64.Build.0 = Release|x64
		{AF35FA5D-690D-497E-81BB-3EE2D154E0FB}.Release|x86.ActiveCfg = Release|x86
		{AF35FA5D-690D-497E-81BB-3EE2D154E0FB}.Release|x86.Build.0 = Release|x86
		{B32D6E39-BDB4-4DEE-836A-0532C25AAD69}.Debug|Any CPU.ActiveCfg = Debug|Any CPU
		{B32D6E39-BDB4-4DEE-836A-0532C25AAD69}.Debug|Any CPU.Build.0 = Debug|Any CPU
		{B32D6E39-BDB4-4DEE-836A-0532C25AAD69}.Debug|Mixed Platforms.ActiveCfg = Debug|Any CPU
		{B32D6E39-BDB4-4DEE-836A-0532C25AAD69}.Debug|Mixed Platforms.Build.0 = Debug|Any CPU
		{B32D6E39-BDB4-4DEE-836A-0532C25AAD69}.Debug|x64.ActiveCfg = Debug|Any CPU
		{B32D6E39-BDB4-4DEE-836A-0532C25AAD69}.Debug|x64.Build.0 = Debug|Any CPU
		{B32D6E39-BDB4-4DEE-836A-0532C25AAD69}.Debug|x86.ActiveCfg = Debug|Any CPU
		{B32D6E39-BDB4-4DEE-836A-0532C25AAD69}.Debug|x86.Build.0 = Debug|Any CPU
		{B32D6E39-BDB4-4DEE-836A-0532C25AAD69}.Release|Any CPU.ActiveCfg = Release|Any CPU
		{B32D6E39-BDB4-4DEE-836A-0532C25AAD69}.Release|Any CPU.Build.0 = Release|Any CPU
		{B32D6E39-BDB4-4DEE-836A-0532C25AAD69}.Release|Mixed Platforms.ActiveCfg = Release|Any CPU
		{B32D6E39-BDB4-4DEE-836A-0532C25AAD69}.Release|Mixed Platforms.Build.0 = Release|Any CPU
		{B32D6E39-BDB4-4DEE-836A-0532C25AAD69}.Release|x64.ActiveCfg = Release|Any CPU
		{B32D6E39-BDB4-4DEE-836A-0532C25AAD69}.Release|x64.Build.0 = Release|Any CPU
		{B32D6E39-BDB4-4DEE-836A-0532C25AAD69}.Release|x86.ActiveCfg = Release|Any CPU
		{B32D6E39-BDB4-4DEE-836A-0532C25AAD69}.Release|x86.Build.0 = Release|Any CPU
		{4561488A-71CF-45E5-8E18-A6983FB10F02}.Debug|Any CPU.ActiveCfg = Debug|Any CPU
		{4561488A-71CF-45E5-8E18-A6983FB10F02}.Debug|Any CPU.Build.0 = Debug|Any CPU
		{4561488A-71CF-45E5-8E18-A6983FB10F02}.Debug|Mixed Platforms.ActiveCfg = Debug|Any CPU
		{4561488A-71CF-45E5-8E18-A6983FB10F02}.Debug|Mixed Platforms.Build.0 = Debug|Any CPU
		{4561488A-71CF-45E5-8E18-A6983FB10F02}.Debug|x64.ActiveCfg = Debug|Any CPU
		{4561488A-71CF-45E5-8E18-A6983FB10F02}.Debug|x64.Build.0 = Debug|Any CPU
		{4561488A-71CF-45E5-8E18-A6983FB10F02}.Debug|x86.ActiveCfg = Debug|Any CPU
		{4561488A-71CF-45E5-8E18-A6983FB10F02}.Debug|x86.Build.0 = Debug|Any CPU
		{4561488A-71CF-45E5-8E18-A6983FB10F02}.Release|Any CPU.ActiveCfg = Release|Any CPU
		{4561488A-71CF-45E5-8E18-A6983FB10F02}.Release|Any CPU.Build.0 = Release|Any CPU
		{4561488A-71CF-45E5-8E18-A6983FB10F02}.Release|Mixed Platforms.ActiveCfg = Release|Any CPU
		{4561488A-71CF-45E5-8E18-A6983FB10F02}.Release|Mixed Platforms.Build.0 = Release|Any CPU
		{4561488A-71CF-45E5-8E18-A6983FB10F02}.Release|x64.ActiveCfg = Release|Any CPU
		{4561488A-71CF-45E5-8E18-A6983FB10F02}.Release|x64.Build.0 = Release|Any CPU
		{4561488A-71CF-45E5-8E18-A6983FB10F02}.Release|x86.ActiveCfg = Release|Any CPU
		{4561488A-71CF-45E5-8E18-A6983FB10F02}.Release|x86.Build.0 = Release|Any CPU
	EndGlobalSection
	GlobalSection(SolutionProperties) = preSolution
		HideSolutionNode = FALSE
	EndGlobalSection
	GlobalSection(ExtensibilityGlobals) = postSolution
		SolutionGuid = {6101A5CB-B5D4-443F-B8C6-15A19C154B55}
	EndGlobalSection
EndGlobal
